
Microsoft Visual Studio Solution File, Format Version 12.00
# Visual Studio Version 17
VisualStudioVersion = 17.0.31423.177
MinimumVisualStudioVersion = 10.0.40219.1
Project("{8BC9CEB8-8B4A-11D0-8D11-00A0C91BC942}") = "CoreLib", "CoreLib\CoreLib.vcxproj", "{EA04E8E6-B05B-416E-B0A3-218406672173}"
EndProject
Project("{8BC9CEB8-8B4A-11D0-8D11-00A0C91BC942}") = "benchmark", "submodules\benchmark\benchmark\benchmark.vcxproj", "{2B8A8DAF-B3E6-401B-89F7-3F7C3FD4B76F}"
EndProject
Project("{8BC9CEB8-8B4A-11D0-8D11-00A0C91BC942}") = "googletest", "submodules\googletest\googletest\googletest.vcxproj", "{0DB6A04F-669B-47B3-9689-7B1A7F4C0943}"
EndProject
Project("{8BC9CEB8-8B4A-11D0-8D11-00A0C91BC942}") = "googlemock", "submodules\googletest\googlemock\googlemock.vcxproj", "{D093761A-08DF-4A74-A0E3-F34DB77A2118}"
EndProject
Project("{2150E333-8FDC-42A3-9474-1A3956D46DE8}") = "submodules", "submodules", "{D71DAAE2-4DD4-4F3A-B932-F7BF36F26D83}"
EndProject
Project("{8BC9CEB8-8B4A-11D0-8D11-00A0C91BC942}") = "CoreLib_Test", "CoreLib\tests\CoreLib_Test.vcxproj", "{290592C2-399C-4E12-8599-BAA3AF962939}"
EndProject
Project("{8BC9CEB8-8B4A-11D0-8D11-00A0C91BC942}") = "CoreLib_benchmark_charconv", "CoreLib\benchmarks\CoreLib_benchmark_charconv\CoreLib_benchmark_charconv.vcxproj", "{085670CC-B4A6-4EE8-AE6F-7B9FC34FC1DE}"
EndProject
Project("{8BC9CEB8-8B4A-11D0-8D11-00A0C91BC942}") = "MathLib", "MathLib\MathLib.vcxproj", "{77943016-2D04-4451-96CB-9FDCBB6B9C8C}"
EndProject
Project("{8BC9CEB8-8B4A-11D0-8D11-00A0C91BC942}") = "MathLibTest", "MathLib\Tests\MathLibTest.vcxproj", "{F0920B5D-5D5E-4F37-B9DA-45B73E241C09}"
EndProject
Global
	GlobalSection(SolutionConfigurationPlatforms) = preSolution
		Debug|x64 = Debug|x64
		Release|x64 = Release|x64
		WSL_Debug|x64 = WSL_Debug|x64
		WSL_Release|x64 = WSL_Release|x64
	EndGlobalSection
	GlobalSection(ProjectConfigurationPlatforms) = postSolution
		{EA04E8E6-B05B-416E-B0A3-218406672173}.Debug|x64.ActiveCfg = Debug|x64
		{EA04E8E6-B05B-416E-B0A3-218406672173}.Debug|x64.Build.0 = Debug|x64
		{EA04E8E6-B05B-416E-B0A3-218406672173}.Release|x64.ActiveCfg = Release|x64
		{EA04E8E6-B05B-416E-B0A3-218406672173}.Release|x64.Build.0 = Release|x64
		{EA04E8E6-B05B-416E-B0A3-218406672173}.WSL_Debug|x64.ActiveCfg = WSL_Debug|x64
		{EA04E8E6-B05B-416E-B0A3-218406672173}.WSL_Debug|x64.Build.0 = WSL_Debug|x64
		{EA04E8E6-B05B-416E-B0A3-218406672173}.WSL_Release|x64.ActiveCfg = WSL_Release|x64
		{EA04E8E6-B05B-416E-B0A3-218406672173}.WSL_Release|x64.Build.0 = WSL_Release|x64
		{2B8A8DAF-B3E6-401B-89F7-3F7C3FD4B76F}.Debug|x64.ActiveCfg = Debug|x64
		{2B8A8DAF-B3E6-401B-89F7-3F7C3FD4B76F}.Debug|x64.Build.0 = Debug|x64
		{2B8A8DAF-B3E6-401B-89F7-3F7C3FD4B76F}.Release|x64.ActiveCfg = Release|x64
		{2B8A8DAF-B3E6-401B-89F7-3F7C3FD4B76F}.Release|x64.Build.0 = Release|x64
		{2B8A8DAF-B3E6-401B-89F7-3F7C3FD4B76F}.WSL_Debug|x64.ActiveCfg = WSL_Debug|x64
		{2B8A8DAF-B3E6-401B-89F7-3F7C3FD4B76F}.WSL_Debug|x64.Build.0 = WSL_Debug|x64
		{2B8A8DAF-B3E6-401B-89F7-3F7C3FD4B76F}.WSL_Debug|x64.Deploy.0 = WSL_Debug|x64
		{2B8A8DAF-B3E6-401B-89F7-3F7C3FD4B76F}.WSL_Release|x64.ActiveCfg = WSL_Release|x64
		{2B8A8DAF-B3E6-401B-89F7-3F7C3FD4B76F}.WSL_Release|x64.Build.0 = WSL_Release|x64
		{2B8A8DAF-B3E6-401B-89F7-3F7C3FD4B76F}.WSL_Release|x64.Deploy.0 = WSL_Release|x64
		{0DB6A04F-669B-47B3-9689-7B1A7F4C0943}.Debug|x64.ActiveCfg = Debug|x64
		{0DB6A04F-669B-47B3-9689-7B1A7F4C0943}.Debug|x64.Build.0 = Debug|x64
		{0DB6A04F-669B-47B3-9689-7B1A7F4C0943}.Release|x64.ActiveCfg = Release|x64
		{0DB6A04F-669B-47B3-9689-7B1A7F4C0943}.Release|x64.Build.0 = Release|x64
		{0DB6A04F-669B-47B3-9689-7B1A7F4C0943}.WSL_Debug|x64.ActiveCfg = WSL_Debug|x64
		{0DB6A04F-669B-47B3-9689-7B1A7F4C0943}.WSL_Debug|x64.Build.0 = WSL_Debug|x64
		{0DB6A04F-669B-47B3-9689-7B1A7F4C0943}.WSL_Debug|x64.Deploy.0 = WSL_Debug|x64
		{0DB6A04F-669B-47B3-9689-7B1A7F4C0943}.WSL_Release|x64.ActiveCfg = WSL_Release|x64
		{0DB6A04F-669B-47B3-9689-7B1A7F4C0943}.WSL_Release|x64.Build.0 = WSL_Release|x64
		{0DB6A04F-669B-47B3-9689-7B1A7F4C0943}.WSL_Release|x64.Deploy.0 = WSL_Release|x64
		{D093761A-08DF-4A74-A0E3-F34DB77A2118}.Debug|x64.ActiveCfg = Debug|x64
		{D093761A-08DF-4A74-A0E3-F34DB77A2118}.Debug|x64.Build.0 = Debug|x64
		{D093761A-08DF-4A74-A0E3-F34DB77A2118}.Release|x64.ActiveCfg = Release|x64
		{D093761A-08DF-4A74-A0E3-F34DB77A2118}.Release|x64.Build.0 = Release|x64
		{D093761A-08DF-4A74-A0E3-F34DB77A2118}.WSL_Debug|x64.ActiveCfg = WSL_Debug|x64
		{D093761A-08DF-4A74-A0E3-F34DB77A2118}.WSL_Debug|x64.Build.0 = WSL_Debug|x64
		{D093761A-08DF-4A74-A0E3-F34DB77A2118}.WSL_Debug|x64.Deploy.0 = WSL_Debug|x64
		{D093761A-08DF-4A74-A0E3-F34DB77A2118}.WSL_Release|x64.ActiveCfg = WSL_Release|x64
		{D093761A-08DF-4A74-A0E3-F34DB77A2118}.WSL_Release|x64.Build.0 = WSL_Release|x64
		{D093761A-08DF-4A74-A0E3-F34DB77A2118}.WSL_Release|x64.Deploy.0 = WSL_Release|x64
		{290592C2-399C-4E12-8599-BAA3AF962939}.Debug|x64.ActiveCfg = Debug|x64
		{290592C2-399C-4E12-8599-BAA3AF962939}.Debug|x64.Build.0 = Debug|x64
		{290592C2-399C-4E12-8599-BAA3AF962939}.Release|x64.ActiveCfg = Release|x64
		{290592C2-399C-4E12-8599-BAA3AF962939}.Release|x64.Build.0 = Release|x64
		{290592C2-399C-4E12-8599-BAA3AF962939}.WSL_Debug|x64.ActiveCfg = WSL_Debug|x64
		{290592C2-399C-4E12-8599-BAA3AF962939}.WSL_Debug|x64.Build.0 = WSL_Debug|x64
		{290592C2-399C-4E12-8599-BAA3AF962939}.WSL_Debug|x64.Deploy.0 = WSL_Debug|x64
		{290592C2-399C-4E12-8599-BAA3AF962939}.WSL_Release|x64.ActiveCfg = WSL_Release|x64
		{290592C2-399C-4E12-8599-BAA3AF962939}.WSL_Release|x64.Build.0 = WSL_Release|x64
		{290592C2-399C-4E12-8599-BAA3AF962939}.WSL_Release|x64.Deploy.0 = WSL_Release|x64
		{085670CC-B4A6-4EE8-AE6F-7B9FC34FC1DE}.Debug|x64.ActiveCfg = Debug|x64
		{085670CC-B4A6-4EE8-AE6F-7B9FC34FC1DE}.Debug|x64.Build.0 = Debug|x64
		{085670CC-B4A6-4EE8-AE6F-7B9FC34FC1DE}.Release|x64.ActiveCfg = Release|x64
		{085670CC-B4A6-4EE8-AE6F-7B9FC34FC1DE}.Release|x64.Build.0 = Release|x64
		{085670CC-B4A6-4EE8-AE6F-7B9FC34FC1DE}.WSL_Debug|x64.ActiveCfg = WSL_Debug|x64
		{085670CC-B4A6-4EE8-AE6F-7B9FC34FC1DE}.WSL_Debug|x64.Build.0 = WSL_Debug|x64
		{085670CC-B4A6-4EE8-AE6F-7B9FC34FC1DE}.WSL_Debug|x64.Deploy.0 = WSL_Debug|x64
		{085670CC-B4A6-4EE8-AE6F-7B9FC34FC1DE}.WSL_Release|x64.ActiveCfg = WSL_Release|x64
		{085670CC-B4A6-4EE8-AE6F-7B9FC34FC1DE}.WSL_Release|x64.Build.0 = WSL_Release|x64
		{085670CC-B4A6-4EE8-AE6F-7B9FC34FC1DE}.WSL_Release|x64.Deploy.0 = WSL_Release|x64
		{77943016-2D04-4451-96CB-9FDCBB6B9C8C}.Debug|x64.ActiveCfg = Debug|x64
		{77943016-2D04-4451-96CB-9FDCBB6B9C8C}.Debug|x64.Build.0 = Debug|x64
		{77943016-2D04-4451-96CB-9FDCBB6B9C8C}.Release|x64.ActiveCfg = Release|x64
		{77943016-2D04-4451-96CB-9FDCBB6B9C8C}.Release|x64.Build.0 = Release|x64
		{77943016-2D04-4451-96CB-9FDCBB6B9C8C}.WSL_Debug|x64.ActiveCfg = WSL_Debug|x64
		{77943016-2D04-4451-96CB-9FDCBB6B9C8C}.WSL_Debug|x64.Build.0 = WSL_Debug|x64
		{77943016-2D04-4451-96CB-9FDCBB6B9C8C}.WSL_Release|x64.ActiveCfg = WSL_Release|x64
		{77943016-2D04-4451-96CB-9FDCBB6B9C8C}.WSL_Release|x64.Build.0 = WSL_Release|x64
		{F0920B5D-5D5E-4F37-B9DA-45B73E241C09}.Debug|x64.ActiveCfg = Debug|x64
		{F0920B5D-5D5E-4F37-B9DA-45B73E241C09}.Debug|x64.Build.0 = Debug|x64
		{F0920B5D-5D5E-4F37-B9DA-45B73E241C09}.Release|x64.ActiveCfg = Release|x64
		{F0920B5D-5D5E-4F37-B9DA-45B73E241C09}.Release|x64.Build.0 = Release|x64
		{F0920B5D-5D5E-4F37-B9DA-45B73E241C09}.WSL_Debug|x64.ActiveCfg = WSL_Debug|x64
		{F0920B5D-5D5E-4F37-B9DA-45B73E241C09}.WSL_Debug|x64.Build.0 = WSL_Debug|x64
		{F0920B5D-5D5E-4F37-B9DA-45B73E241C09}.WSL_Debug|x64.Deploy.0 = WSL_Debug|x64
		{F0920B5D-5D5E-4F37-B9DA-45B73E241C09}.WSL_Release|x64.ActiveCfg = WSL_Release|x64
		{F0920B5D-5D5E-4F37-B9DA-45B73E241C09}.WSL_Release|x64.Build.0 = WSL_Release|x64
		{F0920B5D-5D5E-4F37-B9DA-45B73E241C09}.WSL_Release|x64.Deploy.0 = WSL_Release|x64
	EndGlobalSection
	GlobalSection(SolutionProperties) = preSolution
		HideSolutionNode = FALSE
	EndGlobalSection
	GlobalSection(NestedProjects) = preSolution
		{2B8A8DAF-B3E6-401B-89F7-3F7C3FD4B76F} = {D71DAAE2-4DD4-4F3A-B932-F7BF36F26D83}
		{0DB6A04F-669B-47B3-9689-7B1A7F4C0943} = {D71DAAE2-4DD4-4F3A-B932-F7BF36F26D83}
		{D093761A-08DF-4A74-A0E3-F34DB77A2118} = {D71DAAE2-4DD4-4F3A-B932-F7BF36F26D83}
	EndGlobalSection
	GlobalSection(ExtensibilityGlobals) = postSolution
		SolutionGuid = {5E5EB9AA-0FC0-46A1-A46A-C4FA6A7E667C}
	EndGlobalSection
EndGlobal
