<?xml version="1.0" encoding="utf-8"?>
<Project ToolsVersion="4.0" xmlns="http://schemas.microsoft.com/developer/msbuild/2003">
  <ItemGroup>
    <Filter Include="Export">
      <UniqueIdentifier>{2bc57ff5-c123-4941-8313-f4b58b7c181f}</UniqueIdentifier>
    </Filter>
    <Filter Include="Source Files">
      <UniqueIdentifier>{4FC737F1-C7A5-4376-A066-2A32D752A2FF}</UniqueIdentifier>
      <Extensions>cpp;c;cc;cxx;def;odl;idl;hpj;bat;asm;asmx</Extensions>
    </Filter>
    <Filter Include="Header Files">
      <UniqueIdentifier>{93995380-89BD-4b04-88EB-625FBE52EBFB}</UniqueIdentifier>
      <Extensions>h;hh;hpp;hxx;hm;inl;inc;ipp;xsd</Extensions>
    </Filter>
    <Filter Include="Source Files\string">
      <UniqueIdentifier>{fe8fc368-1042-4701-950d-f6ab80a01935}</UniqueIdentifier>
    </Filter>
    <Filter Include="Header Files\toPrint">
      <UniqueIdentifier>{9da9c3c6-b2a7-4b29-b62a-74e291ee806f}</UniqueIdentifier>
    </Filter>
    <Filter Include="Header Files\net">
      <UniqueIdentifier>{15e7dc04-e56b-49e5-8ff2-c79780c58600}</UniqueIdentifier>
    </Filter>
    <Filter Include="Source Files\net">
      <UniqueIdentifier>{015a61ef-c3a7-4720-9828-de298ddc40fe}</UniqueIdentifier>
    </Filter>
    <Filter Include="Header Files\cpu">
      <UniqueIdentifier>{cdd89e89-76f0-4e94-90e8-849f85480834}</UniqueIdentifier>
    </Filter>
    <Filter Include="Source Files\string\ryu">
      <UniqueIdentifier>{e2536726-8ff2-4e91-b498-63f4d321c6d4}</UniqueIdentifier>
    </Filter>
    <Filter Include="Source Files\toPrint">
      <UniqueIdentifier>{c9fec4d6-a2c3-4bba-b14c-0a117dae515c}</UniqueIdentifier>
    </Filter>
    <Filter Include="Header Files\string">
      <UniqueIdentifier>{c301001c-0842-4aa8-955d-667f19a57e45}</UniqueIdentifier>
    </Filter>
  </ItemGroup>
  <ItemGroup>
    <None Include="CoreLib.include.props">
      <Filter>Export</Filter>
    </None>
    <None Include="CoreLib.import.props">
      <Filter>Export</Filter>
    </None>
  </ItemGroup>
  <ItemGroup>
    <ClInclude Include="include\CoreLib\string\core_string_misc.hpp">
      <Filter>Header Files\string</Filter>
    </ClInclude>
    <ClInclude Include="include\CoreLib\string\core_string_numeric.hpp">
      <Filter>Header Files\string</Filter>
    </ClInclude>
    <ClInclude Include="include\CoreLib\string\core_os_string.hpp">
      <Filter>Header Files\string</Filter>
    </ClInclude>
    <ClInclude Include="include\CoreLib\string\core_string_encoding.hpp">
      <Filter>Header Files\string</Filter>
    </ClInclude>
    <ClInclude Include="include\CoreLib\string\core_wchar_alias.hpp">
      <Filter>Header Files\string</Filter>
    </ClInclude>
    <ClInclude Include="include\CoreLib\toPrint\toPrint.hpp">
      <Filter>Header Files\toPrint</Filter>
    </ClInclude>
    <ClInclude Include="include\CoreLib\toPrint\toPrint_base.hpp">
      <Filter>Header Files\toPrint</Filter>
    </ClInclude>
    <ClInclude Include="include\CoreLib\toPrint\toPrint_encoders.hpp">
      <Filter>Header Files\toPrint</Filter>
    </ClInclude>
    <ClInclude Include="include\CoreLib\toPrint\toPrint_filesystem.hpp">
      <Filter>Header Files\toPrint</Filter>
    </ClInclude>
    <ClInclude Include="include\CoreLib\toPrint\toPrint_net.hpp">
      <Filter>Header Files\toPrint</Filter>
    </ClInclude>
    <ClInclude Include="include\CoreLib\toPrint\toPrint_sink.hpp">
      <Filter>Header Files\toPrint</Filter>
    </ClInclude>
    <ClInclude Include="include\CoreLib\toPrint\toPrint_std_ostream.hpp">
      <Filter>Header Files\toPrint</Filter>
    </ClInclude>
    <ClInclude Include="include\CoreLib\toPrint\toPrint_support.hpp">
      <Filter>Header Files\toPrint</Filter>
    </ClInclude>
    <ClInclude Include="include\CoreLib\net\core_net_address.hpp">
      <Filter>Header Files\net</Filter>
    </ClInclude>
    <ClInclude Include="include\CoreLib\net\core_net_init.hpp">
      <Filter>Header Files\net</Filter>
    </ClInclude>
    <ClInclude Include="include\CoreLib\net\core_net_socket.hpp">
      <Filter>Header Files\net</Filter>
    </ClInclude>
    <ClInclude Include="include\CoreLib\net\core_net_TCP.hpp">
      <Filter>Header Files\net</Filter>
    </ClInclude>
    <ClInclude Include="include\CoreLib\net\core_net_UDP.hpp">
      <Filter>Header Files\net</Filter>
    </ClInclude>
    <ClInclude Include="include\CoreLib\toPrint\toPrint_file.hpp">
      <Filter>Header Files\toPrint</Filter>
    </ClInclude>
    <ClInclude Include="include\CoreLib\cpu\x64.hpp">
      <Filter>Header Files\cpu</Filter>
    </ClInclude>
    <ClInclude Include="include\CoreLib\string\core_fp_to_chars_round.hpp">
      <Filter>Header Files\string</Filter>
    </ClInclude>
    <ClInclude Include="include\CoreLib\string\core_fp_charconv.hpp">
      <Filter>Header Files\string</Filter>
    </ClInclude>
    <ClInclude Include="src\string\fp_traits.hpp">
      <Filter>Source Files\string</Filter>
    </ClInclude>
    <ClInclude Include="src\string\ryu\f2s_intrinsics.hpp">
      <Filter>Source Files\string\ryu</Filter>
    </ClInclude>
    <ClInclude Include="src\string\ryu\common.hpp">
      <Filter>Source Files\string\ryu</Filter>
    </ClInclude>
    <ClInclude Include="src\string\ryu\d2s_full_table.hpp">
      <Filter>Source Files\string\ryu</Filter>
    </ClInclude>
    <ClInclude Include="src\string\ryu\d2s_intrinsics.hpp">
      <Filter>Source Files\string\ryu</Filter>
    </ClInclude>
    <ClInclude Include="include\CoreLib\string\numeric_common.hpp">
      <Filter>Header Files\string</Filter>
    </ClInclude>
    <ClInclude Include="include\CoreLib\core_module.hpp">
      <Filter>Header Files</Filter>
    </ClInclude>
    <ClInclude Include="include\CoreLib\core_debugger.hpp">
      <Filter>Header Files</Filter>
    </ClInclude>
    <ClInclude Include="include\CoreLib\toPrint\toPrint_enum.hpp">
      <Filter>Header Files\toPrint</Filter>
    </ClInclude>
    <ClInclude Include="include\CoreLib\core_alloca.hpp">
      <Filter>Header Files</Filter>
    </ClInclude>
    <ClInclude Include="include\CoreLib\core_alternate.hpp">
      <Filter>Header Files</Filter>
    </ClInclude>
    <ClInclude Include="include\CoreLib\core_console.hpp">
      <Filter>Header Files</Filter>
    </ClInclude>
    <ClInclude Include="include\CoreLib\core_cpu.hpp">
      <Filter>Header Files</Filter>
    </ClInclude>
    <ClInclude Include="include\CoreLib\core_dll.hpp">
      <Filter>Header Files</Filter>
    </ClInclude>
    <ClInclude Include="include\CoreLib\core_endian.hpp">
      <Filter>Header Files</Filter>
    </ClInclude>
    <ClInclude Include="include\CoreLib\core_extra_compiler.hpp">
      <Filter>Header Files</Filter>
    </ClInclude>
    <ClInclude Include="include\CoreLib\core_file.hpp">
      <Filter>Header Files</Filter>
    </ClInclude>
    <ClInclude Include="include\CoreLib\core_os.hpp">
      <Filter>Header Files</Filter>
    </ClInclude>
    <ClInclude Include="include\CoreLib\core_pack.hpp">
      <Filter>Header Files</Filter>
    </ClInclude>
    <ClInclude Include="include\CoreLib\core_stacktrace.hpp">
      <Filter>Header Files</Filter>
    </ClInclude>
    <ClInclude Include="include\CoreLib\core_sync.hpp">
      <Filter>Header Files</Filter>
    </ClInclude>
    <ClInclude Include="include\CoreLib\core_thread.hpp">
      <Filter>Header Files</Filter>
    </ClInclude>
    <ClInclude Include="include\CoreLib\core_time.hpp">
      <Filter>Header Files</Filter>
    </ClInclude>
    <ClInclude Include="include\CoreLib\core_type.hpp">
      <Filter>Header Files</Filter>
    </ClInclude>
    <ClInclude Include="include\CoreLib\toPrint\toPrint_string_sink.hpp">
      <Filter>Header Files\toPrint</Filter>
    </ClInclude>
  </ItemGroup>
  <ItemGroup>
    <ClCompile Include="src\string\core_string_misc.cpp">
      <Filter>Source Files\string</Filter>
    </ClCompile>
    <ClCompile Include="src\string\core_string_numeric.cpp">
      <Filter>Source Files\string</Filter>
    </ClCompile>
    <ClCompile Include="src\string\core_string_encoding.cpp">
      <Filter>Source Files\string</Filter>
    </ClCompile>
    <ClCompile Include="src\string\core_os_string.cpp">
      <Filter>Source Files\string</Filter>
    </ClCompile>
    <ClCompile Include="src\net\core_net_address.cpp">
      <Filter>Source Files\net</Filter>
    </ClCompile>
    <ClCompile Include="src\net\core_net.cpp">
      <Filter>Source Files\net</Filter>
    </ClCompile>
    <ClCompile Include="src\net\core_net_init.cpp">
      <Filter>Source Files\net</Filter>
    </ClCompile>
    <ClCompile Include="src\string\fp_charconv_from_chars.cpp">
      <Filter>Source Files\string</Filter>
    </ClCompile>
    <ClCompile Include="src\string\fp_charconv_ryu.cpp">
      <Filter>Source Files\string</Filter>
    </ClCompile>
    <ClCompile Include="src\string\fp_charconv_shortest.cpp">
      <Filter>Source Files\string</Filter>
    </ClCompile>
    <ClCompile Include="src\string\fp_charconv_round.cpp">
      <Filter>Source Files\string</Filter>
    </ClCompile>
    <ClCompile Include="src\core_module.cpp">
      <Filter>Source Files</Filter>
    </ClCompile>
    <ClCompile Include="src\core_debugger.cpp">
      <Filter>Source Files</Filter>
    </ClCompile>
    <ClCompile Include="src\core_console.cpp">
      <Filter>Source Files</Filter>
    </ClCompile>
    <ClCompile Include="src\core_cpu.cpp">
      <Filter>Source Files</Filter>
    </ClCompile>
    <ClCompile Include="src\core_dll.cpp">
      <Filter>Source Files</Filter>
    </ClCompile>
    <ClCompile Include="src\core_file.cpp">
      <Filter>Source Files</Filter>
    </ClCompile>
    <ClCompile Include="src\core_os.cpp">
      <Filter>Source Files</Filter>
    </ClCompile>
    <ClCompile Include="src\core_stacktrace.cpp">
      <Filter>Source Files</Filter>
    </ClCompile>
    <ClCompile Include="src\core_sync.cpp">
      <Filter>Source Files</Filter>
    </ClCompile>
    <ClCompile Include="src\core_thread.cpp">
      <Filter>Source Files</Filter>
    </ClCompile>
    <ClCompile Include="src\core_time.cpp">
      <Filter>Source Files</Filter>
    </ClCompile>
    <ClCompile Include="src\toPrint\toPrint_fp.cpp">
      <Filter>Source Files\toPrint</Filter>
    </ClCompile>
  </ItemGroup>
</Project>