<?xml version="1.0" encoding="utf-8"?>
<Project ToolsVersion="4.0" xmlns="http://schemas.microsoft.com/developer/msbuild/2003">
  <ItemGroup>
    <Filter Include="Export">
      <UniqueIdentifier>{2bc57ff5-c123-4941-8313-f4b58b7c181f}</UniqueIdentifier>
    </Filter>
    <Filter Include="Source Files">
      <UniqueIdentifier>{4FC737F1-C7A5-4376-A066-2A32D752A2FF}</UniqueIdentifier>
      <Extensions>cpp;c;cc;cxx;def;odl;idl;hpj;bat;asm;asmx</Extensions>
    </Filter>
    <Filter Include="Header Files">
      <UniqueIdentifier>{93995380-89BD-4b04-88EB-625FBE52EBFB}</UniqueIdentifier>
      <Extensions>h;hh;hpp;hxx;hm;inl;inc;ipp;xsd</Extensions>
    </Filter>
    <Filter Include="Header Files\string">
      <UniqueIdentifier>{c301001c-0842-4aa8-955d-667f19a57e45}</UniqueIdentifier>
    </Filter>
    <Filter Include="Source Files\string">
      <UniqueIdentifier>{fe8fc368-1042-4701-950d-f6ab80a01935}</UniqueIdentifier>
    </Filter>
  </ItemGroup>
  <ItemGroup>
    <None Include="CoreLib.include.props">
      <Filter>Export</Filter>
    </None>
    <None Include="CoreLib.import.props">
      <Filter>Export</Filter>
    </None>
  </ItemGroup>
  <ItemGroup>
    <ClInclude Include="include\CoreLib\string\core_string_misc.hpp">
      <Filter>Header Files\string</Filter>
    </ClInclude>
    <ClInclude Include="include\CoreLib\string\core_string_numeric.hpp">
      <Filter>Header Files\string</Filter>
    </ClInclude>
    <ClInclude Include="include\CoreLib\Core_String.hpp">
      <Filter>Header Files</Filter>
    </ClInclude>
    <ClInclude Include="include\CoreLib\Core_Alloca.hpp">
      <Filter>Header Files</Filter>
    </ClInclude>
    <ClInclude Include="include\CoreLib\Core_DLL.hpp">
      <Filter>Header Files</Filter>
    </ClInclude>
    <ClInclude Include="include\CoreLib\Core_Endian.hpp">
      <Filter>Header Files</Filter>
    </ClInclude>
    <ClInclude Include="include\CoreLib\Core_Sync.hpp">
      <Filter>Header Files</Filter>
    </ClInclude>
    <ClInclude Include="include\CoreLib\Core_Thread.hpp">
      <Filter>Header Files</Filter>
    </ClInclude>
    <ClInclude Include="include\CoreLib\Core_Time.hpp">
      <Filter>Header Files</Filter>
    </ClInclude>
    <ClInclude Include="include\CoreLib\Core_Type.hpp">
      <Filter>Header Files</Filter>
    </ClInclude>
    <ClInclude Include="include\CoreLib\string\core_os_string.hpp">
      <Filter>Header Files\string</Filter>
    </ClInclude>
    <ClInclude Include="include\CoreLib\Core_Net.hpp">
      <Filter>Header Files</Filter>
    </ClInclude>
    <ClInclude Include="include\CoreLib\Core_OS.hpp">
      <Filter>Header Files</Filter>
    </ClInclude>
    <ClInclude Include="include\CoreLib\Core_Alternate.hpp">
      <Filter>Header Files</Filter>
    </ClInclude>
    <ClInclude Include="include\CoreLib\Core_StackTrace.hpp">
      <Filter>Header Files</Filter>
    </ClInclude>
    <ClInclude Include="include\CoreLib\string\core_string_tostream.hpp">
      <Filter>Header Files\string</Filter>
    </ClInclude>
    <ClInclude Include="include\CoreLib\string\core_string_streamers.hpp">
      <Filter>Header Files\string</Filter>
    </ClInclude>
    <ClInclude Include="include\CoreLib\string\core_string_encoding.hpp">
      <Filter>Header Files\string</Filter>
    </ClInclude>
  </ItemGroup>
  <ItemGroup>
    <ClCompile Include="src\string\core_string_misc.cpp">
      <Filter>Source Files\string</Filter>
    </ClCompile>
    <ClCompile Include="src\string\core_string_numeric.cpp">
      <Filter>Source Files\string</Filter>
    </ClCompile>
    <ClCompile Include="src\Core_DLL.cpp">
      <Filter>Source Files</Filter>
    </ClCompile>
    <ClCompile Include="src\Core_Sync.cpp">
      <Filter>Source Files</Filter>
    </ClCompile>
    <ClCompile Include="src\Core_Thread.cpp">
      <Filter>Source Files</Filter>
    </ClCompile>
    <ClCompile Include="src\Core_Time.cpp">
      <Filter>Source Files</Filter>
    </ClCompile>
    <ClCompile Include="src\Core_Net.cpp">
      <Filter>Source Files</Filter>
    </ClCompile>
    <ClCompile Include="src\Core_OS.cpp">
      <Filter>Source Files</Filter>
    </ClCompile>
    <ClCompile Include="src\Core_StackTrace.cpp">
      <Filter>Source Files</Filter>
    </ClCompile>
    <ClCompile Include="src\string\core_string_encoding.cpp">
      <Filter>Source Files\string</Filter>
    </ClCompile>
  </ItemGroup>
</Project>